
Microsoft Visual Studio Solution File, Format Version 12.00
# Visual Studio 14
VisualStudioVersion = 14.0.25420.1
MinimumVisualStudioVersion = 10.0.40219.1
Project("{FAE04EC0-301F-11D3-BF4B-00C04F79EFBC}") = "NewMarket.Web", "NewMarket.Web\NewMarket.Web.csproj", "{D364D3D9-B95D-46DB-BCB0-E9ED3BF11381}"
EndProject
Project("{FAE04EC0-301F-11D3-BF4B-00C04F79EFBC}") = "NewMarket.Entities", "NewMarket.Entities\NewMarket.Entities.csproj", "{7A49693B-46D4-417B-B040-6517E6FCAAC2}"
EndProject
Project("{FAE04EC0-301F-11D3-BF4B-00C04F79EFBC}") = "NewMarket.Database", "NewMarket.Database\NewMarket.Database.csproj", "{449111D3-CEA7-4AE8-8CC3-002CB1B9EE0B}"
EndProject
Project("{FAE04EC0-301F-11D3-BF4B-00C04F79EFBC}") = "NewMarket.Services", "NewMarket.Services\NewMarket.Services.csproj", "{BC2902D4-8C44-4B33-A2EB-48B4982B98E2}"
EndProject
Global
	GlobalSection(SolutionConfigurationPlatforms) = preSolution
		Debug|Any CPU = Debug|Any CPU
		Release|Any CPU = Release|Any CPU
	EndGlobalSection
	GlobalSection(ProjectConfigurationPlatforms) = postSolution
		{D364D3D9-B95D-46DB-BCB0-E9ED3BF11381}.Debug|Any CPU.ActiveCfg = Debug|Any CPU
		{D364D3D9-B95D-46DB-BCB0-E9ED3BF11381}.Debug|Any CPU.Build.0 = Debug|Any CPU
		{D364D3D9-B95D-46DB-BCB0-E9ED3BF11381}.Release|Any CPU.ActiveCfg = Release|Any CPU
		{D364D3D9-B95D-46DB-BCB0-E9ED3BF11381}.Release|Any CPU.Build.0 = Release|Any CPU
		{7A49693B-46D4-417B-B040-6517E6FCAAC2}.Debug|Any CPU.ActiveCfg = Debug|Any CPU
		{7A49693B-46D4-417B-B040-6517E6FCAAC2}.Debug|Any CPU.Build.0 = Debug|Any CPU
		{7A49693B-46D4-417B-B040-6517E6FCAAC2}.Release|Any CPU.ActiveCfg = Release|Any CPU
		{7A49693B-46D4-417B-B040-6517E6FCAAC2}.Release|Any CPU.Build.0 = Release|Any CPU
		{449111D3-CEA7-4AE8-8CC3-002CB1B9EE0B}.Debug|Any CPU.ActiveCfg = Debug|Any CPU
		{449111D3-CEA7-4AE8-8CC3-002CB1B9EE0B}.Debug|Any CPU.Build.0 = Debug|Any CPU
		{449111D3-CEA7-4AE8-8CC3-002CB1B9EE0B}.Release|Any CPU.ActiveCfg = Release|Any CPU
		{449111D3-CEA7-4AE8-8CC3-002CB1B9EE0B}.Release|Any CPU.Build.0 = Release|Any CPU
		{BC2902D4-8C44-4B33-A2EB-48B4982B98E2}.Debug|Any CPU.ActiveCfg = Debug|Any CPU
		{BC2902D4-8C44-4B33-A2EB-48B4982B98E2}.Debug|Any CPU.Build.0 = Debug|Any CPU
		{BC2902D4-8C44-4B33-A2EB-48B4982B98E2}.Release|Any CPU.ActiveCfg = Release|Any CPU
		{BC2902D4-8C44-4B33-A2EB-48B4982B98E2}.Release|Any CPU.Build.0 = Release|Any CPU
	EndGlobalSection
	GlobalSection(SolutionProperties) = preSolution
		HideSolutionNode = FALSE
	EndGlobalSection
EndGlobal
